
Microsoft Visual Studio Solution File, Format Version 12.00
# Visual Studio Version 17
VisualStudioVersion = 17.14.36109.1
MinimumVisualStudioVersion = 10.0.40219.1
Project("{FAE04EC0-301F-11D3-BF4B-00C04F79EFBC}") = "FaceONNX", "FaceONNX\FaceONNX.csproj", "{899D70B5-EF41-F13C-5093-C28CFF544AE5}"
EndProject
Project("{FAE04EC0-301F-11D3-BF4B-00C04F79EFBC}") = "FaceEmbeddingClassification", "FaceEmbeddingClassification\FaceEmbeddingClassification.csproj", "{05EF9F41-36AC-5263-D762-D565169CC5D1}"
EndProject
Project("{FAE04EC0-301F-11D3-BF4B-00C04F79EFBC}") = "SchoolManagement", "SchoolManagement\SchoolManagement.csproj", "{40AF0CDC-7B4E-4086-9893-D6B6FAD18863}"
EndProject
Global
	GlobalSection(SolutionConfigurationPlatforms) = preSolution
		Debug|Any CPU = Debug|Any CPU
		Release|Any CPU = Release|Any CPU
	EndGlobalSection
	GlobalSection(ProjectConfigurationPlatforms) = postSolution
		{899D70B5-EF41-F13C-5093-C28CFF544AE5}.Debug|Any CPU.ActiveCfg = Debug|Any CPU
		{899D70B5-EF41-F13C-5093-C28CFF544AE5}.Debug|Any CPU.Build.0 = Debug|Any CPU
		{899D70B5-EF41-F13C-5093-C28CFF544AE5}.Release|Any CPU.ActiveCfg = Release|Any CPU
		{899D70B5-EF41-F13C-5093-C28CFF544AE5}.Release|Any CPU.Build.0 = Release|Any CPU
		{05EF9F41-36AC-5263-D762-D565169CC5D1}.Debug|Any CPU.ActiveCfg = Debug|Any CPU
		{05EF9F41-36AC-5263-D762-D565169CC5D1}.Debug|Any CPU.Build.0 = Debug|Any CPU
		{05EF9F41-36AC-5263-D762-D565169CC5D1}.Release|Any CPU.ActiveCfg = Release|Any CPU
		{05EF9F41-36AC-5263-D762-D565169CC5D1}.Release|Any CPU.Build.0 = Release|Any CPU
		{40AF0CDC-7B4E-4086-9893-D6B6FAD18863}.Debug|Any CPU.ActiveCfg = Debug|Any CPU
		{40AF0CDC-7B4E-4086-9893-D6B6FAD18863}.Debug|Any CPU.Build.0 = Debug|Any CPU
		{40AF0CDC-7B4E-4086-9893-D6B6FAD18863}.Release|Any CPU.ActiveCfg = Release|Any CPU
		{40AF0CDC-7B4E-4086-9893-D6B6FAD18863}.Release|Any CPU.Build.0 = Release|Any CPU
	EndGlobalSection
	GlobalSection(SolutionProperties) = preSolution
		HideSolutionNode = FALSE
	EndGlobalSection
	GlobalSection(ExtensibilityGlobals) = postSolution
		SolutionGuid = {B5B96BEA-711E-4C9D-B8A0-4DD137415F7A}
	EndGlobalSection
EndGlobal
